
Microsoft Visual Studio Solution File, Format Version 12.00
# Visual Studio Version 16
VisualStudioVersion = 16.0.30114.105
MinimumVisualStudioVersion = 10.0.40219.1
Project("{FAE04EC0-301F-11D3-BF4B-00C04F79EFBC}") = "PerformanceTests", "PerformanceTests\PerformanceTests.csproj", "{D40020BB-7C29-4562-A66E-B077228F967B}"
EndProject
Project("{FAE04EC0-301F-11D3-BF4B-00C04F79EFBC}") = "LangBasics", "LangBasics\LangBasics.csproj", "{C02CACB2-48BB-4FF8-BAF7-BB7BDF480DE4}"
EndProject
Global
	GlobalSection(SolutionConfigurationPlatforms) = preSolution
		Debug|Any CPU = Debug|Any CPU
		Release|Any CPU = Release|Any CPU
	EndGlobalSection
	GlobalSection(SolutionProperties) = preSolution
		HideSolutionNode = FALSE
	EndGlobalSection
	GlobalSection(ProjectConfigurationPlatforms) = postSolution
		{D40020BB-7C29-4562-A66E-B077228F967B}.Debug|Any CPU.ActiveCfg = Debug|Any CPU
		{D40020BB-7C29-4562-A66E-B077228F967B}.Debug|Any CPU.Build.0 = Debug|Any CPU
		{D40020BB-7C29-4562-A66E-B077228F967B}.Release|Any CPU.ActiveCfg = Release|Any CPU
		{D40020BB-7C29-4562-A66E-B077228F967B}.Release|Any CPU.Build.0 = Release|Any CPU
		{C02CACB2-48BB-4FF8-BAF7-BB7BDF480DE4}.Debug|Any CPU.ActiveCfg = Debug|Any CPU
		{C02CACB2-48BB-4FF8-BAF7-BB7BDF480DE4}.Debug|Any CPU.Build.0 = Debug|Any CPU
		{C02CACB2-48BB-4FF8-BAF7-BB7BDF480DE4}.Release|Any CPU.ActiveCfg = Release|Any CPU
		{C02CACB2-48BB-4FF8-BAF7-BB7BDF480DE4}.Release|Any CPU.Build.0 = Release|Any CPU
	EndGlobalSection
EndGlobal
